
Microsoft Visual Studio Solution File, Format Version 12.00
# Visual Studio 2012
Project("{8BC9CEB8-8B4A-11D0-8D11-00A0C91BC942}") = "Game", "Game\Game.vcxproj", "{523DA748-2470-420C-8556-686F0A61BA0C}"
EndProject
Global
	GlobalSection(SolutionConfigurationPlatforms) = preSolution
		Debug|Win32 = Debug|Win32
		Release|Win32 = Release|Win32
	EndGlobalSection
	GlobalSection(ProjectConfigurationPlatforms) = postSolution
		{523DA748-2470-420C-8556-686F0A61BA0C}.Debug|Win32.ActiveCfg = Debug|Win32
		{523DA748-2470-420C-8556-686F0A61BA0C}.Debug|Win32.Build.0 = Debug|Win32
		{523DA748-2470-420C-8556-686F0A61BA0C}.Release|Win32.ActiveCfg = Release|Win32
		{523DA748-2470-420C-8556-686F0A61BA0C}.Release|Win32.Build.0 = Release|Win32
	EndGlobalSection
	GlobalSection(SolutionProperties) = preSolution
		HideSolutionNode = FALSE
	EndGlobalSection
EndGlobal
